
Microsoft Visual Studio Solution File, Format Version 12.00
# Visual Studio Version 17
VisualStudioVersion = 17.0.31903.59
MinimumVisualStudioVersion = 10.0.40219.1
Project("{2150E333-8FDC-42A3-9474-1A3956D46DE8}") = "src", "src", "{3625F758-7D12-4191-8BD3-4C255F4BAE45}"
EndProject
Project("{2150E333-8FDC-42A3-9474-1A3956D46DE8}") = "Core", "Core", "{5828C848-D26C-4148-A581-260FF9703C73}"
EndProject
Project("{9A19103F-16F7-4668-BE54-9A1E7A4F7556}") = "SFC.Players.Domain", "src\Core\SFC.Players.Domain\SFC.Players.Domain.csproj", "{B42F2F95-A499-4824-AEEE-D0CA2EE89D3B}"
EndProject
Project("{9A19103F-16F7-4668-BE54-9A1E7A4F7556}") = "SFC.Players.Application", "src\Core\SFC.Players.Application\SFC.Players.Application.csproj", "{7F9A1F72-FA15-4C9C-9EB6-0DB37D8C2527}"
EndProject
Project("{2150E333-8FDC-42A3-9474-1A3956D46DE8}") = "API", "API", "{D61530A2-752C-4445-BBA8-753CC55D3B38}"
EndProject
Project("{9A19103F-16F7-4668-BE54-9A1E7A4F7556}") = "SFC.Players.Api", "src\API\SFC.Players.Api\SFC.Players.Api.csproj", "{063A4C54-4B45-43E7-AF2F-05AC032D5C43}"
EndProject
Project("{2150E333-8FDC-42A3-9474-1A3956D46DE8}") = "Infrastructure", "Infrastructure", "{77C5A3E3-42FB-424F-91C9-060A8EB90254}"
EndProject
Project("{9A19103F-16F7-4668-BE54-9A1E7A4F7556}") = "SFC.Players.Infrastructure", "src\Infrastructure\SFC.Players.Infrastructure\SFC.Players.Infrastructure.csproj", "{A5D5B350-757B-4E00-88A9-3B860023FDFE}"
EndProject
Project("{9A19103F-16F7-4668-BE54-9A1E7A4F7556}") = "SFC.Players.Infrastructure.Persistence", "src\Infrastructure\SFC.Players.Infrastructure.Persistence\SFC.Players.Infrastructure.Persistence.csproj", "{7E6DAFE6-35A2-40EF-AC48-04B75689EB25}"
EndProject
Project("{2150E333-8FDC-42A3-9474-1A3956D46DE8}") = "tests", "tests", "{251919D1-885C-47A2-94EA-13213C5FA572}"
EndProject
Project("{9A19103F-16F7-4668-BE54-9A1E7A4F7556}") = "SFC.Players.Application.UnitTests", "tests\SFC.Players.Application.UnitTests\SFC.Players.Application.UnitTests.csproj", "{939B34C9-0160-47B0-8F3F-C720810160CA}"
EndProject
Project("{2150E333-8FDC-42A3-9474-1A3956D46DE8}") = "Solution Items", "Solution Items", "{EF7EA464-C29E-4FC6-B7CA-4497ED9620B7}"
	ProjectSection(SolutionItems) = preProject
		.editorconfig = .editorconfig
		.gitignore = .gitignore
		global.json = global.json
	EndProjectSection
EndProject
Global
	GlobalSection(SolutionConfigurationPlatforms) = preSolution
		Debug|Any CPU = Debug|Any CPU
		Release|Any CPU = Release|Any CPU
	EndGlobalSection
	GlobalSection(ProjectConfigurationPlatforms) = postSolution
		{B42F2F95-A499-4824-AEEE-D0CA2EE89D3B}.Debug|Any CPU.ActiveCfg = Debug|Any CPU
		{B42F2F95-A499-4824-AEEE-D0CA2EE89D3B}.Debug|Any CPU.Build.0 = Debug|Any CPU
		{B42F2F95-A499-4824-AEEE-D0CA2EE89D3B}.Release|Any CPU.ActiveCfg = Release|Any CPU
		{B42F2F95-A499-4824-AEEE-D0CA2EE89D3B}.Release|Any CPU.Build.0 = Release|Any CPU
		{7F9A1F72-FA15-4C9C-9EB6-0DB37D8C2527}.Debug|Any CPU.ActiveCfg = Debug|Any CPU
		{7F9A1F72-FA15-4C9C-9EB6-0DB37D8C2527}.Debug|Any CPU.Build.0 = Debug|Any CPU
		{7F9A1F72-FA15-4C9C-9EB6-0DB37D8C2527}.Release|Any CPU.ActiveCfg = Release|Any CPU
		{7F9A1F72-FA15-4C9C-9EB6-0DB37D8C2527}.Release|Any CPU.Build.0 = Release|Any CPU
		{063A4C54-4B45-43E7-AF2F-05AC032D5C43}.Debug|Any CPU.ActiveCfg = Debug|Any CPU
		{063A4C54-4B45-43E7-AF2F-05AC032D5C43}.Debug|Any CPU.Build.0 = Debug|Any CPU
		{063A4C54-4B45-43E7-AF2F-05AC032D5C43}.Release|Any CPU.ActiveCfg = Release|Any CPU
		{063A4C54-4B45-43E7-AF2F-05AC032D5C43}.Release|Any CPU.Build.0 = Release|Any CPU
		{A5D5B350-757B-4E00-88A9-3B860023FDFE}.Debug|Any CPU.ActiveCfg = Debug|Any CPU
		{A5D5B350-757B-4E00-88A9-3B860023FDFE}.Debug|Any CPU.Build.0 = Debug|Any CPU
		{A5D5B350-757B-4E00-88A9-3B860023FDFE}.Release|Any CPU.ActiveCfg = Release|Any CPU
		{A5D5B350-757B-4E00-88A9-3B860023FDFE}.Release|Any CPU.Build.0 = Release|Any CPU
		{7E6DAFE6-35A2-40EF-AC48-04B75689EB25}.Debug|Any CPU.ActiveCfg = Debug|Any CPU
		{7E6DAFE6-35A2-40EF-AC48-04B75689EB25}.Debug|Any CPU.Build.0 = Debug|Any CPU
		{7E6DAFE6-35A2-40EF-AC48-04B75689EB25}.Release|Any CPU.ActiveCfg = Release|Any CPU
		{7E6DAFE6-35A2-40EF-AC48-04B75689EB25}.Release|Any CPU.Build.0 = Release|Any CPU
		{939B34C9-0160-47B0-8F3F-C720810160CA}.Debug|Any CPU.ActiveCfg = Debug|Any CPU
		{939B34C9-0160-47B0-8F3F-C720810160CA}.Debug|Any CPU.Build.0 = Debug|Any CPU
		{939B34C9-0160-47B0-8F3F-C720810160CA}.Release|Any CPU.ActiveCfg = Release|Any CPU
		{939B34C9-0160-47B0-8F3F-C720810160CA}.Release|Any CPU.Build.0 = Release|Any CPU
	EndGlobalSection
	GlobalSection(SolutionProperties) = preSolution
		HideSolutionNode = FALSE
	EndGlobalSection
	GlobalSection(NestedProjects) = preSolution
		{5828C848-D26C-4148-A581-260FF9703C73} = {3625F758-7D12-4191-8BD3-4C255F4BAE45}
		{B42F2F95-A499-4824-AEEE-D0CA2EE89D3B} = {5828C848-D26C-4148-A581-260FF9703C73}
		{7F9A1F72-FA15-4C9C-9EB6-0DB37D8C2527} = {5828C848-D26C-4148-A581-260FF9703C73}
		{D61530A2-752C-4445-BBA8-753CC55D3B38} = {3625F758-7D12-4191-8BD3-4C255F4BAE45}
		{063A4C54-4B45-43E7-AF2F-05AC032D5C43} = {D61530A2-752C-4445-BBA8-753CC55D3B38}
		{77C5A3E3-42FB-424F-91C9-060A8EB90254} = {3625F758-7D12-4191-8BD3-4C255F4BAE45}
		{A5D5B350-757B-4E00-88A9-3B860023FDFE} = {77C5A3E3-42FB-424F-91C9-060A8EB90254}
		{7E6DAFE6-35A2-40EF-AC48-04B75689EB25} = {77C5A3E3-42FB-424F-91C9-060A8EB90254}
		{939B34C9-0160-47B0-8F3F-C720810160CA} = {251919D1-885C-47A2-94EA-13213C5FA572}
	EndGlobalSection
EndGlobal
