
Microsoft Visual Studio Solution File, Format Version 12.00
# Visual Studio Version 17
VisualStudioVersion = 17.0.31903.59
MinimumVisualStudioVersion = 10.0.40219.1
Project("{2150E333-8FDC-42A3-9474-1A3956D46DE8}") = "src", "src", "{3625F758-7D12-4191-8BD3-4C255F4BAE45}"
EndProject
Project("{2150E333-8FDC-42A3-9474-1A3956D46DE8}") = "Core", "Core", "{5828C848-D26C-4148-A581-260FF9703C73}"
EndProject
Project("{9A19103F-16F7-4668-BE54-9A1E7A4F7556}") = "SFC.Player.Domain", "src\Core\SFC.Player.Domain\SFC.Player.Domain.csproj", "{B42F2F95-A499-4824-AEEE-D0CA2EE89D3B}"
EndProject
Project("{9A19103F-16F7-4668-BE54-9A1E7A4F7556}") = "SFC.Player.Application", "src\Core\SFC.Player.Application\SFC.Player.Application.csproj", "{7F9A1F72-FA15-4C9C-9EB6-0DB37D8C2527}"
EndProject
Project("{2150E333-8FDC-42A3-9474-1A3956D46DE8}") = "API", "API", "{D61530A2-752C-4445-BBA8-753CC55D3B38}"
EndProject
Project("{9A19103F-16F7-4668-BE54-9A1E7A4F7556}") = "SFC.Player.Api", "src\API\SFC.Player.Api\SFC.Player.Api.csproj", "{063A4C54-4B45-43E7-AF2F-05AC032D5C43}"
EndProject
Project("{2150E333-8FDC-42A3-9474-1A3956D46DE8}") = "Infrastructure", "Infrastructure", "{77C5A3E3-42FB-424F-91C9-060A8EB90254}"
EndProject
Project("{9A19103F-16F7-4668-BE54-9A1E7A4F7556}") = "SFC.Player.Infrastructure", "src\Infrastructure\SFC.Player.Infrastructure\SFC.Player.Infrastructure.csproj", "{A5D5B350-757B-4E00-88A9-3B860023FDFE}"
EndProject
Project("{9A19103F-16F7-4668-BE54-9A1E7A4F7556}") = "SFC.Player.Infrastructure.Persistence", "src\Infrastructure\SFC.Player.Infrastructure.Persistence\SFC.Player.Infrastructure.Persistence.csproj", "{7E6DAFE6-35A2-40EF-AC48-04B75689EB25}"
EndProject
Project("{2150E333-8FDC-42A3-9474-1A3956D46DE8}") = "tests", "tests", "{251919D1-885C-47A2-94EA-13213C5FA572}"
EndProject
Project("{9A19103F-16F7-4668-BE54-9A1E7A4F7556}") = "SFC.Player.Application.UnitTests", "tests\SFC.Player.Application.UnitTests\SFC.Player.Application.UnitTests.csproj", "{939B34C9-0160-47B0-8F3F-C720810160CA}"
EndProject
Project("{2150E333-8FDC-42A3-9474-1A3956D46DE8}") = "Solution Items", "Solution Items", "{EF7EA464-C29E-4FC6-B7CA-4497ED9620B7}"
	ProjectSection(SolutionItems) = preProject
		.editorconfig = .editorconfig
		.gitignore = .gitignore
		.github\workflows\dotnet.yml = .github\workflows\dotnet.yml
		global.json = global.json
		nuget.config = nuget.config
	EndProjectSection
EndProject
Project("{9A19103F-16F7-4668-BE54-9A1E7A4F7556}") = "SFC.Player.Infrastructure.UnitTests", "tests\SFC.Player.Infrastructure.UnitTests\SFC.Player.Infrastructure.UnitTests.csproj", "{DCADCF73-198E-4E0D-87CA-03FFDE978C36}"
EndProject
Project("{9A19103F-16F7-4668-BE54-9A1E7A4F7556}") = "SFC.Player.Infrastructure.Persistence.UnitTests", "tests\SFC.Player.Infrastructure.Persistence.UnitTests\SFC.Player.Infrastructure.Persistence.UnitTests.csproj", "{998EE687-43EC-4FBE-BD7D-114B55CD831D}"
EndProject
Project("{9A19103F-16F7-4668-BE54-9A1E7A4F7556}") = "SFC.Player.Api.UnitTests", "tests\SFC.Player.Api.UnitTests\SFC.Player.Api.UnitTests.csproj", "{BC40DAF0-2086-4812-9A65-31396CEE7127}"
EndProject
Project("{9A19103F-16F7-4668-BE54-9A1E7A4F7556}") = "SFC.Player.Api.IntegrationTests", "tests\SFC.Player.Api.IntegrationTests\SFC.Player.Api.IntegrationTests.csproj", "{C28D1393-7B1D-479B-B459-7F672EFADE43}"
EndProject
Global
	GlobalSection(SolutionConfigurationPlatforms) = preSolution
		Debug|Any CPU = Debug|Any CPU
		Release|Any CPU = Release|Any CPU
	EndGlobalSection
	GlobalSection(ProjectConfigurationPlatforms) = postSolution
		{B42F2F95-A499-4824-AEEE-D0CA2EE89D3B}.Debug|Any CPU.ActiveCfg = Debug|Any CPU
		{B42F2F95-A499-4824-AEEE-D0CA2EE89D3B}.Debug|Any CPU.Build.0 = Debug|Any CPU
		{B42F2F95-A499-4824-AEEE-D0CA2EE89D3B}.Release|Any CPU.ActiveCfg = Release|Any CPU
		{B42F2F95-A499-4824-AEEE-D0CA2EE89D3B}.Release|Any CPU.Build.0 = Release|Any CPU
		{7F9A1F72-FA15-4C9C-9EB6-0DB37D8C2527}.Debug|Any CPU.ActiveCfg = Debug|Any CPU
		{7F9A1F72-FA15-4C9C-9EB6-0DB37D8C2527}.Debug|Any CPU.Build.0 = Debug|Any CPU
		{7F9A1F72-FA15-4C9C-9EB6-0DB37D8C2527}.Release|Any CPU.ActiveCfg = Release|Any CPU
		{7F9A1F72-FA15-4C9C-9EB6-0DB37D8C2527}.Release|Any CPU.Build.0 = Release|Any CPU
		{063A4C54-4B45-43E7-AF2F-05AC032D5C43}.Debug|Any CPU.ActiveCfg = Debug|Any CPU
		{063A4C54-4B45-43E7-AF2F-05AC032D5C43}.Debug|Any CPU.Build.0 = Debug|Any CPU
		{063A4C54-4B45-43E7-AF2F-05AC032D5C43}.Release|Any CPU.ActiveCfg = Release|Any CPU
		{063A4C54-4B45-43E7-AF2F-05AC032D5C43}.Release|Any CPU.Build.0 = Release|Any CPU
		{A5D5B350-757B-4E00-88A9-3B860023FDFE}.Debug|Any CPU.ActiveCfg = Debug|Any CPU
		{A5D5B350-757B-4E00-88A9-3B860023FDFE}.Debug|Any CPU.Build.0 = Debug|Any CPU
		{A5D5B350-757B-4E00-88A9-3B860023FDFE}.Release|Any CPU.ActiveCfg = Release|Any CPU
		{A5D5B350-757B-4E00-88A9-3B860023FDFE}.Release|Any CPU.Build.0 = Release|Any CPU
		{7E6DAFE6-35A2-40EF-AC48-04B75689EB25}.Debug|Any CPU.ActiveCfg = Debug|Any CPU
		{7E6DAFE6-35A2-40EF-AC48-04B75689EB25}.Debug|Any CPU.Build.0 = Debug|Any CPU
		{7E6DAFE6-35A2-40EF-AC48-04B75689EB25}.Release|Any CPU.ActiveCfg = Release|Any CPU
		{7E6DAFE6-35A2-40EF-AC48-04B75689EB25}.Release|Any CPU.Build.0 = Release|Any CPU
		{939B34C9-0160-47B0-8F3F-C720810160CA}.Debug|Any CPU.ActiveCfg = Debug|Any CPU
		{939B34C9-0160-47B0-8F3F-C720810160CA}.Debug|Any CPU.Build.0 = Debug|Any CPU
		{939B34C9-0160-47B0-8F3F-C720810160CA}.Release|Any CPU.ActiveCfg = Release|Any CPU
		{939B34C9-0160-47B0-8F3F-C720810160CA}.Release|Any CPU.Build.0 = Release|Any CPU
		{DCADCF73-198E-4E0D-87CA-03FFDE978C36}.Debug|Any CPU.ActiveCfg = Debug|Any CPU
		{DCADCF73-198E-4E0D-87CA-03FFDE978C36}.Debug|Any CPU.Build.0 = Debug|Any CPU
		{DCADCF73-198E-4E0D-87CA-03FFDE978C36}.Release|Any CPU.ActiveCfg = Release|Any CPU
		{DCADCF73-198E-4E0D-87CA-03FFDE978C36}.Release|Any CPU.Build.0 = Release|Any CPU
		{998EE687-43EC-4FBE-BD7D-114B55CD831D}.Debug|Any CPU.ActiveCfg = Debug|Any CPU
		{998EE687-43EC-4FBE-BD7D-114B55CD831D}.Debug|Any CPU.Build.0 = Debug|Any CPU
		{998EE687-43EC-4FBE-BD7D-114B55CD831D}.Release|Any CPU.ActiveCfg = Release|Any CPU
		{998EE687-43EC-4FBE-BD7D-114B55CD831D}.Release|Any CPU.Build.0 = Release|Any CPU
		{BC40DAF0-2086-4812-9A65-31396CEE7127}.Debug|Any CPU.ActiveCfg = Debug|Any CPU
		{BC40DAF0-2086-4812-9A65-31396CEE7127}.Debug|Any CPU.Build.0 = Debug|Any CPU
		{BC40DAF0-2086-4812-9A65-31396CEE7127}.Release|Any CPU.ActiveCfg = Release|Any CPU
		{BC40DAF0-2086-4812-9A65-31396CEE7127}.Release|Any CPU.Build.0 = Release|Any CPU
		{C28D1393-7B1D-479B-B459-7F672EFADE43}.Debug|Any CPU.ActiveCfg = Debug|Any CPU
		{C28D1393-7B1D-479B-B459-7F672EFADE43}.Debug|Any CPU.Build.0 = Debug|Any CPU
		{C28D1393-7B1D-479B-B459-7F672EFADE43}.Release|Any CPU.ActiveCfg = Release|Any CPU
		{C28D1393-7B1D-479B-B459-7F672EFADE43}.Release|Any CPU.Build.0 = Release|Any CPU
	EndGlobalSection
	GlobalSection(SolutionProperties) = preSolution
		HideSolutionNode = FALSE
	EndGlobalSection
	GlobalSection(NestedProjects) = preSolution
		{5828C848-D26C-4148-A581-260FF9703C73} = {3625F758-7D12-4191-8BD3-4C255F4BAE45}
		{B42F2F95-A499-4824-AEEE-D0CA2EE89D3B} = {5828C848-D26C-4148-A581-260FF9703C73}
		{7F9A1F72-FA15-4C9C-9EB6-0DB37D8C2527} = {5828C848-D26C-4148-A581-260FF9703C73}
		{D61530A2-752C-4445-BBA8-753CC55D3B38} = {3625F758-7D12-4191-8BD3-4C255F4BAE45}
		{063A4C54-4B45-43E7-AF2F-05AC032D5C43} = {D61530A2-752C-4445-BBA8-753CC55D3B38}
		{77C5A3E3-42FB-424F-91C9-060A8EB90254} = {3625F758-7D12-4191-8BD3-4C255F4BAE45}
		{A5D5B350-757B-4E00-88A9-3B860023FDFE} = {77C5A3E3-42FB-424F-91C9-060A8EB90254}
		{7E6DAFE6-35A2-40EF-AC48-04B75689EB25} = {77C5A3E3-42FB-424F-91C9-060A8EB90254}
		{939B34C9-0160-47B0-8F3F-C720810160CA} = {251919D1-885C-47A2-94EA-13213C5FA572}
		{DCADCF73-198E-4E0D-87CA-03FFDE978C36} = {251919D1-885C-47A2-94EA-13213C5FA572}
		{998EE687-43EC-4FBE-BD7D-114B55CD831D} = {251919D1-885C-47A2-94EA-13213C5FA572}
		{BC40DAF0-2086-4812-9A65-31396CEE7127} = {251919D1-885C-47A2-94EA-13213C5FA572}
		{C28D1393-7B1D-479B-B459-7F672EFADE43} = {251919D1-885C-47A2-94EA-13213C5FA572}
	EndGlobalSection
	GlobalSection(ExtensibilityGlobals) = postSolution
		SolutionGuid = {AAC26D6A-232C-4F2D-91B4-6C7B64D24F21}
	EndGlobalSection
EndGlobal
